// !$*UTF8*$!
{
	archiveVersion = 1;
	classes = {
	};
	objectVersion = 55;
	objects = {

/* Begin PBXBuildFile section */
		483EFA5B286E469300DF0FAF /* AppDelegate.swift in Sources */ = {isa = PBXBuildFile; fileRef = 483EFA5A286E469300DF0FAF /* AppDelegate.swift */; };
		483EFA5D286E469300DF0FAF /* SceneDelegate.swift in Sources */ = {isa = PBXBuildFile; fileRef = 483EFA5C286E469300DF0FAF /* SceneDelegate.swift */; };
		483EFA5F286E469300DF0FAF /* LoginViewController.swift in Sources */ = {isa = PBXBuildFile; fileRef = 483EFA5E286E469300DF0FAF /* LoginViewController.swift */; };
		483EFA62286E469300DF0FAF /* Main.storyboard in Resources */ = {isa = PBXBuildFile; fileRef = 483EFA60286E469300DF0FAF /* Main.storyboard */; };
		483EFA64286E469300DF0FAF /* Assets.xcassets in Resources */ = {isa = PBXBuildFile; fileRef = 483EFA63286E469300DF0FAF /* Assets.xcassets */; };
		483EFA67286E469300DF0FAF /* LaunchScreen.storyboard in Resources */ = {isa = PBXBuildFile; fileRef = 483EFA65286E469300DF0FAF /* LaunchScreen.storyboard */; };
		483EFA6F286E55BD00DF0FAF /* WelcomeViewController.swift in Sources */ = {isa = PBXBuildFile; fileRef = 483EFA6E286E55BD00DF0FAF /* WelcomeViewController.swift */; };
		484BF2C82874D717002EBE97 /* TabBarViewController.swift in Sources */ = {isa = PBXBuildFile; fileRef = 484BF2C72874D717002EBE97 /* TabBarViewController.swift */; };
		484BF2CF2874DE41002EBE97 /* PersonViewController.swift in Sources */ = {isa = PBXBuildFile; fileRef = 484BF2CE2874DE41002EBE97 /* PersonViewController.swift */; };
		484BF2D12874DE58002EBE97 /* SiteViewController.swift in Sources */ = {isa = PBXBuildFile; fileRef = 484BF2D02874DE58002EBE97 /* SiteViewController.swift */; };
		484BF2D32874DEBA002EBE97 /* PhotoViewController.swift in Sources */ = {isa = PBXBuildFile; fileRef = 484BF2D22874DEBA002EBE97 /* PhotoViewController.swift */; };
		484BF2D52874EB40002EBE97 /* User.swift in Sources */ = {isa = PBXBuildFile; fileRef = 484BF2D42874EB40002EBE97 /* User.swift */; };
/* End PBXBuildFile section */

/* Begin PBXFileReference section */
		483EFA57286E469300DF0FAF /* LoginApp.app */ = {isa = PBXFileReference; explicitFileType = wrapper.application; includeInIndex = 0; path = LoginApp.app; sourceTree = BUILT_PRODUCTS_DIR; };
		483EFA5A286E469300DF0FAF /* AppDelegate.swift */ = {isa = PBXFileReference; lastKnownFileType = sourcecode.swift; path = AppDelegate.swift; sourceTree = "<group>"; };
		483EFA5C286E469300DF0FAF /* SceneDelegate.swift */ = {isa = PBXFileReference; lastKnownFileType = sourcecode.swift; path = SceneDelegate.swift; sourceTree = "<group>"; };
		483EFA5E286E469300DF0FAF /* LoginViewController.swift */ = {isa = PBXFileReference; lastKnownFileType = sourcecode.swift; path = LoginViewController.swift; sourceTree = "<group>"; };
		483EFA61286E469300DF0FAF /* Base */ = {isa = PBXFileReference; lastKnownFileType = file.storyboard; name = Base; path = Base.lproj/Main.storyboard; sourceTree = "<group>"; };
		483EFA63286E469300DF0FAF /* Assets.xcassets */ = {isa = PBXFileReference; lastKnownFileType = folder.assetcatalog; path = Assets.xcassets; sourceTree = "<group>"; };
		483EFA66286E469300DF0FAF /* Base */ = {isa = PBXFileReference; lastKnownFileType = file.storyboard; name = Base; path = Base.lproj/LaunchScreen.storyboard; sourceTree = "<group>"; };
		483EFA68286E469300DF0FAF /* Info.plist */ = {isa = PBXFileReference; lastKnownFileType = text.plist.xml; path = Info.plist; sourceTree = "<group>"; };
		483EFA6E286E55BD00DF0FAF /* WelcomeViewController.swift */ = {isa = PBXFileReference; lastKnownFileType = sourcecode.swift; path = WelcomeViewController.swift; sourceTree = "<group>"; };
		484BF2C72874D717002EBE97 /* TabBarViewController.swift */ = {isa = PBXFileReference; lastKnownFileType = sourcecode.swift; path = TabBarViewController.swift; sourceTree = "<group>"; };
		484BF2CE2874DE41002EBE97 /* PersonViewController.swift */ = {isa = PBXFileReference; lastKnownFileType = sourcecode.swift; path = PersonViewController.swift; sourceTree = "<group>"; };
		484BF2D02874DE58002EBE97 /* SiteViewController.swift */ = {isa = PBXFileReference; lastKnownFileType = sourcecode.swift; path = SiteViewController.swift; sourceTree = "<group>"; };
		484BF2D22874DEBA002EBE97 /* PhotoViewController.swift */ = {isa = PBXFileReference; lastKnownFileType = sourcecode.swift; path = PhotoViewController.swift; sourceTree = "<group>"; };
		484BF2D42874EB40002EBE97 /* User.swift */ = {isa = PBXFileReference; lastKnownFileType = sourcecode.swift; path = User.swift; sourceTree = "<group>"; };
/* End PBXFileReference section */

/* Begin PBXFrameworksBuildPhase section */
		483EFA54286E469300DF0FAF /* Frameworks */ = {
			isa = PBXFrameworksBuildPhase;
			buildActionMask = 2147483647;
			files = (
			);
			runOnlyForDeploymentPostprocessing = 0;
		};
/* End PBXFrameworksBuildPhase section */

/* Begin PBXGroup section */
		483EFA4E286E469300DF0FAF = {
			isa = PBXGroup;
			children = (
				483EFA59286E469300DF0FAF /* LoginApp */,
				483EFA58286E469300DF0FAF /* Products */,
			);
			sourceTree = "<group>";
		};
		483EFA58286E469300DF0FAF /* Products */ = {
			isa = PBXGroup;
			children = (
				483EFA57286E469300DF0FAF /* LoginApp.app */,
			);
			name = Products;
			sourceTree = "<group>";
		};
		483EFA59286E469300DF0FAF /* LoginApp */ = {
			isa = PBXGroup;
			children = (
				484BF2CC2874DD74002EBE97 /* ViewControllers */,
				484BF2CD2874DDED002EBE97 /* Models */,
				484BF2CA2874DCFF002EBE97 /* Storyboards */,
				484BF2C92874DCAF002EBE97 /* App */,
				484BF2CB2874DD69002EBE97 /* Resources */,
			);
			path = LoginApp;
			sourceTree = "<group>";
		};
		484BF2C92874DCAF002EBE97 /* App */ = {
			isa = PBXGroup;
			children = (
				483EFA5A286E469300DF0FAF /* AppDelegate.swift */,
				483EFA5C286E469300DF0FAF /* SceneDelegate.swift */,
				483EFA68286E469300DF0FAF /* Info.plist */,
			);
			path = App;
			sourceTree = "<group>";
		};
		484BF2CA2874DCFF002EBE97 /* Storyboards */ = {
			isa = PBXGroup;
			children = (
				483EFA60286E469300DF0FAF /* Main.storyboard */,
				483EFA65286E469300DF0FAF /* LaunchScreen.storyboard */,
			);
			path = Storyboards;
			sourceTree = "<group>";
		};
		484BF2CB2874DD69002EBE97 /* Resources */ = {
			isa = PBXGroup;
			children = (
				483EFA63286E469300DF0FAF /* Assets.xcassets */,
			);
			path = Resources;
			sourceTree = "<group>";
		};
		484BF2CC2874DD74002EBE97 /* ViewControllers */ = {
			isa = PBXGroup;
			children = (
				483EFA5E286E469300DF0FAF /* LoginViewController.swift */,
				484BF2C72874D717002EBE97 /* TabBarViewController.swift */,
				483EFA6E286E55BD00DF0FAF /* WelcomeViewController.swift */,
				484BF2CE2874DE41002EBE97 /* PersonViewController.swift */,
				484BF2D02874DE58002EBE97 /* SiteViewController.swift */,
				484BF2D22874DEBA002EBE97 /* PhotoViewController.swift */,
			);
			path = ViewControllers;
			sourceTree = "<group>";
		};
		484BF2CD2874DDED002EBE97 /* Models */ = {
			isa = PBXGroup;
			children = (
				484BF2D42874EB40002EBE97 /* User.swift */,
			);
			path = Models;
			sourceTree = "<group>";
		};
/* End PBXGroup section */

/* Begin PBXNativeTarget section */
		483EFA56286E469300DF0FAF /* LoginApp */ = {
			isa = PBXNativeTarget;
			buildConfigurationList = 483EFA6B286E469300DF0FAF /* Build configuration list for PBXNativeTarget "LoginApp" */;
			buildPhases = (
				483EFA53286E469300DF0FAF /* Sources */,
				483EFA54286E469300DF0FAF /* Frameworks */,
				483EFA55286E469300DF0FAF /* Resources */,
			);
			buildRules = (
			);
			dependencies = (
			);
			name = LoginApp;
			productName = LoginApp;
			productReference = 483EFA57286E469300DF0FAF /* LoginApp.app */;
			productType = "com.apple.product-type.application";
		};
/* End PBXNativeTarget section */

/* Begin PBXProject section */
		483EFA4F286E469300DF0FAF /* Project object */ = {
			isa = PBXProject;
			attributes = {
				BuildIndependentTargetsInParallel = 1;
				LastSwiftUpdateCheck = 1340;
				LastUpgradeCheck = 1340;
				TargetAttributes = {
					483EFA56286E469300DF0FAF = {
						CreatedOnToolsVersion = 13.4;
					};
				};
			};
			buildConfigurationList = 483EFA52286E469300DF0FAF /* Build configuration list for PBXProject "LoginApp" */;
			compatibilityVersion = "Xcode 13.0";
			developmentRegion = en;
			hasScannedForEncodings = 0;
			knownRegions = (
				en,
				Base,
			);
			mainGroup = 483EFA4E286E469300DF0FAF;
			productRefGroup = 483EFA58286E469300DF0FAF /* Products */;
			projectDirPath = "";
			projectRoot = "";
			targets = (
				483EFA56286E469300DF0FAF /* LoginApp */,
			);
		};
/* End PBXProject section */

/* Begin PBXResourcesBuildPhase section */
		483EFA55286E469300DF0FAF /* Resources */ = {
			isa = PBXResourcesBuildPhase;
			buildActionMask = 2147483647;
			files = (
				483EFA67286E469300DF0FAF /* LaunchScreen.storyboard in Resources */,
				483EFA64286E469300DF0FAF /* Assets.xcassets in Resources */,
				483EFA62286E469300DF0FAF /* Main.storyboard in Resources */,
			);
			runOnlyForDeploymentPostprocessing = 0;
		};
/* End PBXResourcesBuildPhase section */

/* Begin PBXSourcesBuildPhase section */
		483EFA53286E469300DF0FAF /* Sources */ = {
			isa = PBXSourcesBuildPhase;
			buildActionMask = 2147483647;
			files = (
				483EFA5F286E469300DF0FAF /* LoginViewController.swift in Sources */,
				484BF2CF2874DE41002EBE97 /* PersonViewController.swift in Sources */,
				483EFA6F286E55BD00DF0FAF /* WelcomeViewController.swift in Sources */,
				483EFA5B286E469300DF0FAF /* AppDelegate.swift in Sources */,
				484BF2D12874DE58002EBE97 /* SiteViewController.swift in Sources */,
				484BF2D52874EB40002EBE97 /* User.swift in Sources */,
				484BF2D32874DEBA002EBE97 /* PhotoViewController.swift in Sources */,
				483EFA5D286E469300DF0FAF /* SceneDelegate.swift in Sources */,
				484BF2C82874D717002EBE97 /* TabBarViewController.swift in Sources */,
			);
			runOnlyForDeploymentPostprocessing = 0;
		};
/* End PBXSourcesBuildPhase section */

/* Begin PBXVariantGroup section */
		483EFA60286E469300DF0FAF /* Main.storyboard */ = {
			isa = PBXVariantGroup;
			children = (
				483EFA61286E469300DF0FAF /* Base */,
			);
			name = Main.storyboard;
			sourceTree = "<group>";
		};
		483EFA65286E469300DF0FAF /* LaunchScreen.storyboard */ = {
			isa = PBXVariantGroup;
			children = (
				483EFA66286E469300DF0FAF /* Base */,
			);
			name = LaunchScreen.storyboard;
			sourceTree = "<group>";
		};
/* End PBXVariantGroup section */

/* Begin XCBuildConfiguration section */
		483EFA69286E469300DF0FAF /* Debug */ = {
			isa = XCBuildConfiguration;
			buildSettings = {
				ALWAYS_SEARCH_USER_PATHS = NO;
				CLANG_ANALYZER_NONNULL = YES;
				CLANG_ANALYZER_NUMBER_OBJECT_CONVERSION = YES_AGGRESSIVE;
				CLANG_CXX_LANGUAGE_STANDARD = "gnu++17";
				CLANG_ENABLE_MODULES = YES;
				CLANG_ENABLE_OBJC_ARC = YES;
				CLANG_ENABLE_OBJC_WEAK = YES;
				CLANG_WARN_BLOCK_CAPTURE_AUTORELEASING = YES;
				CLANG_WARN_BOOL_CONVERSION = YES;
				CLANG_WARN_COMMA = YES;
				CLANG_WARN_CONSTANT_CONVERSION = YES;
				CLANG_WARN_DEPRECATED_OBJC_IMPLEMENTATIONS = YES;
				CLANG_WARN_DIRECT_OBJC_ISA_USAGE = YES_ERROR;
				CLANG_WARN_DOCUMENTATION_COMMENTS = YES;
				CLANG_WARN_EMPTY_BODY = YES;
				CLANG_WARN_ENUM_CONVERSION = YES;
				CLANG_WARN_INFINITE_RECURSION = YES;
				CLANG_WARN_INT_CONVERSION = YES;
				CLANG_WARN_NON_LITERAL_NULL_CONVERSION = YES;
				CLANG_WARN_OBJC_IMPLICIT_RETAIN_SELF = YES;
				CLANG_WARN_OBJC_LITERAL_CONVERSION = YES;
				CLANG_WARN_OBJC_ROOT_CLASS = YES_ERROR;
				CLANG_WARN_QUOTED_INCLUDE_IN_FRAMEWORK_HEADER = YES;
				CLANG_WARN_RANGE_LOOP_ANALYSIS = YES;
				CLANG_WARN_STRICT_PROTOTYPES = YES;
				CLANG_WARN_SUSPICIOUS_MOVE = YES;
				CLANG_WARN_UNGUARDED_AVAILABILITY = YES_AGGRESSIVE;
				CLANG_WARN_UNREACHABLE_CODE = YES;
				CLANG_WARN__DUPLICATE_METHOD_MATCH = YES;
				COPY_PHASE_STRIP = NO;
				DEBUG_INFORMATION_FORMAT = dwarf;
				ENABLE_STRICT_OBJC_MSGSEND = YES;
				ENABLE_TESTABILITY = YES;
				GCC_C_LANGUAGE_STANDARD = gnu11;
				GCC_DYNAMIC_NO_PIC = NO;
				GCC_NO_COMMON_BLOCKS = YES;
				GCC_OPTIMIZATION_LEVEL = 0;
				GCC_PREPROCESSOR_DEFINITIONS = (
					"DEBUG=1",
					"$(inherited)",
				);
				GCC_WARN_64_TO_32_BIT_CONVERSION = YES;
				GCC_WARN_ABOUT_RETURN_TYPE = YES_ERROR;
				GCC_WARN_UNDECLARED_SELECTOR = YES;
				GCC_WARN_UNINITIALIZED_AUTOS = YES_AGGRESSIVE;
				GCC_WARN_UNUSED_FUNCTION = YES;
				GCC_WARN_UNUSED_VARIABLE = YES;
				IPHONEOS_DEPLOYMENT_TARGET = 15.5;
				MTL_ENABLE_DEBUG_INFO = INCLUDE_SOURCE;
				MTL_FAST_MATH = YES;
				ONLY_ACTIVE_ARCH = YES;
				SDKROOT = iphoneos;
				SWIFT_ACTIVE_COMPILATION_CONDITIONS = DEBUG;
				SWIFT_OPTIMIZATION_LEVEL = "-Onone";
			};
			name = Debug;
		};
		483EFA6A286E469300DF0FAF /* Release */ = {
			isa = XCBuildConfiguration;
			buildSettings = {
				ALWAYS_SEARCH_USER_PATHS = NO;
				CLANG_ANALYZER_NONNULL = YES;
				CLANG_ANALYZER_NUMBER_OBJECT_CONVERSION = YES_AGGRESSIVE;
				CLANG_CXX_LANGUAGE_STANDARD = "gnu++17";
				CLANG_ENABLE_MODULES = YES;
				CLANG_ENABLE_OBJC_ARC = YES;
				CLANG_ENABLE_OBJC_WEAK = YES;
				CLANG_WARN_BLOCK_CAPTURE_AUTORELEASING = YES;
				CLANG_WARN_BOOL_CONVERSION = YES;
				CLANG_WARN_COMMA = YES;
				CLANG_WARN_CONSTANT_CONVERSION = YES;
				CLANG_WARN_DEPRECATED_OBJC_IMPLEMENTATIONS = YES;
				CLANG_WARN_DIRECT_OBJC_ISA_USAGE = YES_ERROR;
				CLANG_WARN_DOCUMENTATION_COMMENTS = YES;
				CLANG_WARN_EMPTY_BODY = YES;
				CLANG_WARN_ENUM_CONVERSION = YES;
				CLANG_WARN_INFINITE_RECURSION = YES;
				CLANG_WARN_INT_CONVERSION = YES;
				CLANG_WARN_NON_LITERAL_NULL_CONVERSION = YES;
				CLANG_WARN_OBJC_IMPLICIT_RETAIN_SELF = YES;
				CLANG_WARN_OBJC_LITERAL_CONVERSION = YES;
				CLANG_WARN_OBJC_ROOT_CLASS = YES_ERROR;
				CLANG_WARN_QUOTED_INCLUDE_IN_FRAMEWORK_HEADER = YES;
				CLANG_WARN_RANGE_LOOP_ANALYSIS = YES;
				CLANG_WARN_STRICT_PROTOTYPES = YES;
				CLANG_WARN_SUSPICIOUS_MOVE = YES;
				CLANG_WARN_UNGUARDED_AVAILABILITY = YES_AGGRESSIVE;
				CLANG_WARN_UNREACHABLE_CODE = YES;
				CLANG_WARN__DUPLICATE_METHOD_MATCH = YES;
				COPY_PHASE_STRIP = NO;
				DEBUG_INFORMATION_FORMAT = "dwarf-with-dsym";
				ENABLE_NS_ASSERTIONS = NO;
				ENABLE_STRICT_OBJC_MSGSEND = YES;
				GCC_C_LANGUAGE_STANDARD = gnu11;
				GCC_NO_COMMON_BLOCKS = YES;
				GCC_WARN_64_TO_32_BIT_CONVERSION = YES;
				GCC_WARN_ABOUT_RETURN_TYPE = YES_ERROR;
				GCC_WARN_UNDECLARED_SELECTOR = YES;
				GCC_WARN_UNINITIALIZED_AUTOS = YES_AGGRESSIVE;
				GCC_WARN_UNUSED_FUNCTION = YES;
				GCC_WARN_UNUSED_VARIABLE = YES;
				IPHONEOS_DEPLOYMENT_TARGET = 15.5;
				MTL_ENABLE_DEBUG_INFO = NO;
				MTL_FAST_MATH = YES;
				SDKROOT = iphoneos;
				SWIFT_COMPILATION_MODE = wholemodule;
				SWIFT_OPTIMIZATION_LEVEL = "-O";
				VALIDATE_PRODUCT = YES;
			};
			name = Release;
		};
		483EFA6C286E469300DF0FAF /* Debug */ = {
			isa = XCBuildConfiguration;
			buildSettings = {
				ASSETCATALOG_COMPILER_APPICON_NAME = AppIcon;
				ASSETCATALOG_COMPILER_GLOBAL_ACCENT_COLOR_NAME = AccentColor;
				CODE_SIGN_STYLE = Automatic;
				CURRENT_PROJECT_VERSION = 1;
				DEVELOPMENT_TEAM = 78KK8BLN83;
				GENERATE_INFOPLIST_FILE = YES;
				INFOPLIST_FILE = LoginApp/App/Info.plist;
				INFOPLIST_KEY_UIApplicationSupportsIndirectInputEvents = YES;
				INFOPLIST_KEY_UILaunchStoryboardName = LaunchScreen;
				INFOPLIST_KEY_UIMainStoryboardFile = Main;
				INFOPLIST_KEY_UISupportedInterfaceOrientations_iPad = "UIInterfaceOrientationPortrait UIInterfaceOrientationPortraitUpsideDown UIInterfaceOrientationLandscapeLeft UIInterfaceOrientationLandscapeRight";
				INFOPLIST_KEY_UISupportedInterfaceOrientations_iPhone = "UIInterfaceOrientationPortrait UIInterfaceOrientationLandscapeLeft UIInterfaceOrientationLandscapeRight";
				LD_RUNPATH_SEARCH_PATHS = (
					"$(inherited)",
					"@executable_path/Frameworks",
				);
				MARKETING_VERSION = 1.0;
				PRODUCT_BUNDLE_IDENTIFIER = org.ledkov.LoginApp;
				PRODUCT_NAME = "$(TARGET_NAME)";
				SWIFT_EMIT_LOC_STRINGS = YES;
				SWIFT_VERSION = 5.0;
				TARGETED_DEVICE_FAMILY = 1;
			};
			name = Debug;
		};
		483EFA6D286E469300DF0FAF /* Release */ = {
			isa = XCBuildConfiguration;
			buildSettings = {
				ASSETCATALOG_COMPILER_APPICON_NAME = AppIcon;
				ASSETCATALOG_COMPILER_GLOBAL_ACCENT_COLOR_NAME = AccentColor;
				CODE_SIGN_STYLE = Automatic;
				CURRENT_PROJECT_VERSION = 1;
				DEVELOPMENT_TEAM = 78KK8BLN83;
				GENERATE_INFOPLIST_FILE = YES;
				INFOPLIST_FILE = LoginApp/App/Info.plist;
				INFOPLIST_KEY_UIApplicationSupportsIndirectInputEvents = YES;
				INFOPLIST_KEY_UILaunchStoryboardName = LaunchScreen;
				INFOPLIST_KEY_UIMainStoryboardFile = Main;
				INFOPLIST_KEY_UISupportedInterfaceOrientations_iPad = "UIInterfaceOrientationPortrait UIInterfaceOrientationPortraitUpsideDown UIInterfaceOrientationLandscapeLeft UIInterfaceOrientationLandscapeRight";
				INFOPLIST_KEY_UISupportedInterfaceOrientations_iPhone = "UIInterfaceOrientationPortrait UIInterfaceOrientationLandscapeLeft UIInterfaceOrientationLandscapeRight";
				LD_RUNPATH_SEARCH_PATHS = (
					"$(inherited)",
					"@executable_path/Frameworks",
				);
				MARKETING_VERSION = 1.0;
				PRODUCT_BUNDLE_IDENTIFIER = org.ledkov.LoginApp;
				PRODUCT_NAME = "$(TARGET_NAME)";
				SWIFT_EMIT_LOC_STRINGS = YES;
				SWIFT_VERSION = 5.0;
				TARGETED_DEVICE_FAMILY = 1;
			};
			name = Release;
		};
/* End XCBuildConfiguration section */

/* Begin XCConfigurationList section */
		483EFA52286E469300DF0FAF /* Build configuration list for PBXProject "LoginApp" */ = {
			isa = XCConfigurationList;
			buildConfigurations = (
				483EFA69286E469300DF0FAF /* Debug */,
				483EFA6A286E469300DF0FAF /* Release */,
			);
			defaultConfigurationIsVisible = 0;
			defaultConfigurationName = Release;
		};
		483EFA6B286E469300DF0FAF /* Build configuration list for PBXNativeTarget "LoginApp" */ = {
			isa = XCConfigurationList;
			buildConfigurations = (
				483EFA6C286E469300DF0FAF /* Debug */,
				483EFA6D286E469300DF0FAF /* Release */,
			);
			defaultConfigurationIsVisible = 0;
			defaultConfigurationName = Release;
		};
/* End XCConfigurationList section */
	};
	rootObject = 483EFA4F286E469300DF0FAF /* Project object */;
}
